{
    "_readme": [
        "This file locks the dependencies of your project to a known state",
        "Read more about it at https://getcomposer.org/doc/01-basic-usage.md#installing-dependencies",
        "This file is @generated automatically"
    ],
    "content-hash": "c477758d5618dd0637bad4047bd85507",
    "packages": [
        {
            "name": "btcpayserver/btcpayserver-greenfield-php",
            "version": "v2.7.0",
            "source": {
                "type": "git",
                "url": "https://github.com/btcpayserver/btcpayserver-greenfield-php.git",
                "reference": "5e2ba7e3f585fc8e6dc068e22a0efbfdacd9c992"
            },
            "dist": {
                "type": "zip",
                "url": "https://api.github.com/repos/btcpayserver/btcpayserver-greenfield-php/zipball/5e2ba7e3f585fc8e6dc068e22a0efbfdacd9c992",
                "reference": "5e2ba7e3f585fc8e6dc068e22a0efbfdacd9c992",
                "shasum": ""
            },
            "require": {
                "ext-bcmath": "*",
                "ext-curl": "*",
                "ext-json": "*",
                "ext-mbstring": "*",
                "php": ">=8.0"
            },
            "require-dev": {
                "friendsofphp/php-cs-fixer": "^3.0",
                "phpunit/phpunit": "^9.5",
                "vimeo/psalm": "^4.8",
                "vlucas/phpdotenv": "^5.5"
            },
            "type": "library",
            "autoload": {
                "psr-4": {
                    "BTCPayServer\\": "src/"
                }
            },
            "notification-url": "https://packagist.org/downloads/",
            "license": [
                "MIT"
            ],
            "authors": [
                {
                    "name": "Wouter Samaey",
                    "email": "wouter.samaey@storefront.be"
                },
                {
                    "name": "Andreas Tasch",
                    "email": "andy.tasch@gmail.com"
                }
            ],
            "description": "BTCPay Server Greenfield API PHP client library.",
            "support": {
                "issues": "https://github.com/btcpayserver/btcpayserver-greenfield-php/issues",
                "source": "https://github.com/btcpayserver/btcpayserver-greenfield-php/tree/v2.7.0"
            },
            "time": "2024-09-13T14:54:13+00:00"
        }
    ],
    "packages-dev": [],
    "aliases": [],
    "minimum-stability": "stable",
    "stability-flags": [],
    "prefer-stable": false,
    "prefer-lowest": false,
    "platform": [],
    "platform-dev": [],
    "plugin-api-version": "2.6.0"
}
